
Microsoft Visual Studio Solution File, Format Version 12.00
# Visual Studio Version 17
VisualStudioVersion = 17.3.32901.215
MinimumVisualStudioVersion = 10.0.40219.1
Project("{FAE04EC0-301F-11D3-BF4B-00C04F79EFBC}") = "Pact-Net.XUnitOutput", "Pact-Net.XUnitOutput\Pact-Net.XUnitOutput.csproj", "{EF34096D-4AF4-4114-A9EC-8AA7BA2C2374}"
EndProject
Global
	GlobalSection(SolutionConfigurationPlatforms) = preSolution
		Debug|Any CPU = Debug|Any CPU
		Release|Any CPU = Release|Any CPU
	EndGlobalSection
	GlobalSection(ProjectConfigurationPlatforms) = postSolution
		{EF34096D-4AF4-4114-A9EC-8AA7BA2C2374}.Debug|Any CPU.ActiveCfg = Debug|Any CPU
		{EF34096D-4AF4-4114-A9EC-8AA7BA2C2374}.Debug|Any CPU.Build.0 = Debug|Any CPU
		{EF34096D-4AF4-4114-A9EC-8AA7BA2C2374}.Release|Any CPU.ActiveCfg = Release|Any CPU
		{EF34096D-4AF4-4114-A9EC-8AA7BA2C2374}.Release|Any CPU.Build.0 = Release|Any CPU
	EndGlobalSection
	GlobalSection(SolutionProperties) = preSolution
		HideSolutionNode = FALSE
	EndGlobalSection
	GlobalSection(ExtensibilityGlobals) = postSolution
		SolutionGuid = {C40ED5D6-DA13-45AC-A3F3-A69233C40B4A}
	EndGlobalSection
EndGlobal
